// !$*UTF8*$!
{
	archiveVersion = 1;
	classes = {
	};
	objectVersion = 48;
	objects = {

/* Begin PBXBuildFile section */
		D4364D6420B001C0005090E8 /* AppDelegate.swift in Sources */ = {isa = PBXBuildFile; fileRef = D4364D6320B001C0005090E8 /* AppDelegate.swift */; };
		D4364D6620B001C0005090E8 /* ViewController.swift in Sources */ = {isa = PBXBuildFile; fileRef = D4364D6520B001C0005090E8 /* ViewController.swift */; };
		D4364D6920B001C0005090E8 /* Main.storyboard in Resources */ = {isa = PBXBuildFile; fileRef = D4364D6720B001C0005090E8 /* Main.storyboard */; };
		D4364D6B20B001C0005090E8 /* Assets.xcassets in Resources */ = {isa = PBXBuildFile; fileRef = D4364D6A20B001C0005090E8 /* Assets.xcassets */; };
		D4364D6E20B001C0005090E8 /* LaunchScreen.storyboard in Resources */ = {isa = PBXBuildFile; fileRef = D4364D6C20B001C0005090E8 /* LaunchScreen.storyboard */; };
		D4364D7620B001D8005090E8 /* MLHomeViewController.swift in Sources */ = {isa = PBXBuildFile; fileRef = D4364D7520B001D8005090E8 /* MLHomeViewController.swift */; };
		D4364D7C20B001ED005090E8 /* ViewController2.swift in Sources */ = {isa = PBXBuildFile; fileRef = D4364D7720B001ED005090E8 /* ViewController2.swift */; };
		D4364D7D20B001ED005090E8 /* InfoPagesViewController.swift in Sources */ = {isa = PBXBuildFile; fileRef = D4364D7820B001ED005090E8 /* InfoPagesViewController.swift */; };
		D4364D7E20B001ED005090E8 /* ViewController3.swift in Sources */ = {isa = PBXBuildFile; fileRef = D4364D7920B001ED005090E8 /* ViewController3.swift */; };
		D4364D7F20B001ED005090E8 /* ViewController1.swift in Sources */ = {isa = PBXBuildFile; fileRef = D4364D7A20B001ED005090E8 /* ViewController1.swift */; };
		D4364D8020B001ED005090E8 /* PageViewController.swift in Sources */ = {isa = PBXBuildFile; fileRef = D4364D7B20B001ED005090E8 /* PageViewController.swift */; };
		D4364D8620B00212005090E8 /* PKTheme.swift in Sources */ = {isa = PBXBuildFile; fileRef = D4364D8220B00212005090E8 /* PKTheme.swift */; };
		D4364D8720B00212005090E8 /* Constants.swift in Sources */ = {isa = PBXBuildFile; fileRef = D4364D8320B00212005090E8 /* Constants.swift */; };
		D4364D8820B00212005090E8 /* UIColor.swift in Sources */ = {isa = PBXBuildFile; fileRef = D4364D8420B00212005090E8 /* UIColor.swift */; };
		D4364D8920B00212005090E8 /* String.swift in Sources */ = {isa = PBXBuildFile; fileRef = D4364D8520B00212005090E8 /* String.swift */; };
		D4364D9720B002D3005090E8 /* Resnet50.mlmodel in Sources */ = {isa = PBXBuildFile; fileRef = D4364D9620B002D3005090E8 /* Resnet50.mlmodel */; };
		D4364D9920B00C2D005090E8 /* SearchViewController.swift in Sources */ = {isa = PBXBuildFile; fileRef = D4364D9820B00C2D005090E8 /* SearchViewController.swift */; };
		D4364D9B20B010DB005090E8 /* back.png in Resources */ = {isa = PBXBuildFile; fileRef = D4364D9A20B010DB005090E8 /* back.png */; };
		D4364DA020B04469005090E8 /* camera_icon.png in Resources */ = {isa = PBXBuildFile; fileRef = D4364D9C20B04469005090E8 /* camera_icon.png */; };
		D4364DA120B04469005090E8 /* gallery_icon.png in Resources */ = {isa = PBXBuildFile; fileRef = D4364D9D20B04469005090E8 /* gallery_icon.png */; };
		D4364DA220B04469005090E8 /* search_icon.png in Resources */ = {isa = PBXBuildFile; fileRef = D4364D9E20B04469005090E8 /* search_icon.png */; };
		D4364DA520B04696005090E8 /* video_icon1.png in Resources */ = {isa = PBXBuildFile; fileRef = D4364DA420B04696005090E8 /* video_icon1.png */; };
		D44DCA8720B9B07F00D5E458 /* Tahoma-Bold.ttf in Resources */ = {isa = PBXBuildFile; fileRef = D44DCA8620B9B07B00D5E458 /* Tahoma-Bold.ttf */; };
		D44DCA8920B9B08E00D5E458 /* Tahoma-Regular.ttf in Resources */ = {isa = PBXBuildFile; fileRef = D44DCA8820B9B08200D5E458 /* Tahoma-Regular.ttf */; };
/* End PBXBuildFile section */

/* Begin PBXFileReference section */
		D4364D6020B001C0005090E8 /* ML Master.app */ = {isa = PBXFileReference; explicitFileType = wrapper.application; includeInIndex = 0; path = "ML Master.app"; sourceTree = BUILT_PRODUCTS_DIR; };
		D4364D6320B001C0005090E8 /* AppDelegate.swift */ = {isa = PBXFileReference; lastKnownFileType = sourcecode.swift; path = AppDelegate.swift; sourceTree = "<group>"; };
		D4364D6520B001C0005090E8 /* ViewController.swift */ = {isa = PBXFileReference; lastKnownFileType = sourcecode.swift; path = ViewController.swift; sourceTree = "<group>"; };
		D4364D6820B001C0005090E8 /* Base */ = {isa = PBXFileReference; lastKnownFileType = file.storyboard; name = Base; path = Base.lproj/Main.storyboard; sourceTree = "<group>"; };
		D4364D6A20B001C0005090E8 /* Assets.xcassets */ = {isa = PBXFileReference; lastKnownFileType = folder.assetcatalog; path = Assets.xcassets; sourceTree = "<group>"; };
		D4364D6D20B001C0005090E8 /* Base */ = {isa = PBXFileReference; lastKnownFileType = file.storyboard; name = Base; path = Base.lproj/LaunchScreen.storyboard; sourceTree = "<group>"; };
		D4364D6F20B001C0005090E8 /* Info.plist */ = {isa = PBXFileReference; lastKnownFileType = text.plist.xml; path = Info.plist; sourceTree = "<group>"; };
		D4364D7520B001D8005090E8 /* MLHomeViewController.swift */ = {isa = PBXFileReference; fileEncoding = 4; lastKnownFileType = sourcecode.swift; path = MLHomeViewController.swift; sourceTree = "<group>"; };
		D4364D7720B001ED005090E8 /* ViewController2.swift */ = {isa = PBXFileReference; fileEncoding = 4; lastKnownFileType = sourcecode.swift; path = ViewController2.swift; sourceTree = "<group>"; };
		D4364D7820B001ED005090E8 /* InfoPagesViewController.swift */ = {isa = PBXFileReference; fileEncoding = 4; lastKnownFileType = sourcecode.swift; path = InfoPagesViewController.swift; sourceTree = "<group>"; };
		D4364D7920B001ED005090E8 /* ViewController3.swift */ = {isa = PBXFileReference; fileEncoding = 4; lastKnownFileType = sourcecode.swift; path = ViewController3.swift; sourceTree = "<group>"; };
		D4364D7A20B001ED005090E8 /* ViewController1.swift */ = {isa = PBXFileReference; fileEncoding = 4; lastKnownFileType = sourcecode.swift; path = ViewController1.swift; sourceTree = "<group>"; };
		D4364D7B20B001ED005090E8 /* PageViewController.swift */ = {isa = PBXFileReference; fileEncoding = 4; lastKnownFileType = sourcecode.swift; path = PageViewController.swift; sourceTree = "<group>"; };
		D4364D8220B00212005090E8 /* PKTheme.swift */ = {isa = PBXFileReference; fileEncoding = 4; lastKnownFileType = sourcecode.swift; path = PKTheme.swift; sourceTree = "<group>"; };
		D4364D8320B00212005090E8 /* Constants.swift */ = {isa = PBXFileReference; fileEncoding = 4; lastKnownFileType = sourcecode.swift; path = Constants.swift; sourceTree = "<group>"; };
		D4364D8420B00212005090E8 /* UIColor.swift */ = {isa = PBXFileReference; fileEncoding = 4; lastKnownFileType = sourcecode.swift; path = UIColor.swift; sourceTree = "<group>"; };
		D4364D8520B00212005090E8 /* String.swift */ = {isa = PBXFileReference; fileEncoding = 4; lastKnownFileType = sourcecode.swift; path = String.swift; sourceTree = "<group>"; };
		D4364D9620B002D3005090E8 /* Resnet50.mlmodel */ = {isa = PBXFileReference; lastKnownFileType = file.mlmodel; path = Resnet50.mlmodel; sourceTree = "<group>"; };
		D4364D9820B00C2D005090E8 /* SearchViewController.swift */ = {isa = PBXFileReference; fileEncoding = 4; lastKnownFileType = sourcecode.swift; path = SearchViewController.swift; sourceTree = "<group>"; };
		D4364D9A20B010DB005090E8 /* back.png */ = {isa = PBXFileReference; lastKnownFileType = image.png; path = back.png; sourceTree = "<group>"; };
		D4364D9C20B04469005090E8 /* camera_icon.png */ = {isa = PBXFileReference; lastKnownFileType = image.png; path = camera_icon.png; sourceTree = "<group>"; };
		D4364D9D20B04469005090E8 /* gallery_icon.png */ = {isa = PBXFileReference; lastKnownFileType = image.png; path = gallery_icon.png; sourceTree = "<group>"; };
		D4364D9E20B04469005090E8 /* search_icon.png */ = {isa = PBXFileReference; lastKnownFileType = image.png; path = search_icon.png; sourceTree = "<group>"; };
		D4364DA420B04696005090E8 /* video_icon1.png */ = {isa = PBXFileReference; lastKnownFileType = image.png; path = video_icon1.png; sourceTree = "<group>"; };
		D44DCA8620B9B07B00D5E458 /* Tahoma-Bold.ttf */ = {isa = PBXFileReference; lastKnownFileType = file; path = "Tahoma-Bold.ttf"; sourceTree = "<group>"; };
		D44DCA8820B9B08200D5E458 /* Tahoma-Regular.ttf */ = {isa = PBXFileReference; lastKnownFileType = file; path = "Tahoma-Regular.ttf"; sourceTree = "<group>"; };
/* End PBXFileReference section */

/* Begin PBXFrameworksBuildPhase section */
		D4364D5D20B001C0005090E8 /* Frameworks */ = {
			isa = PBXFrameworksBuildPhase;
			buildActionMask = 2147483647;
			files = (
			);
			runOnlyForDeploymentPostprocessing = 0;
		};
/* End PBXFrameworksBuildPhase section */

/* Begin PBXGroup section */
		D4364D5720B001C0005090E8 = {
			isa = PBXGroup;
			children = (
				D4364D6220B001C0005090E8 /* ML Master */,
				D4364D6120B001C0005090E8 /* Products */,
			);
			sourceTree = "<group>";
		};
		D4364D6120B001C0005090E8 /* Products */ = {
			isa = PBXGroup;
			children = (
				D4364D6020B001C0005090E8 /* ML Master.app */,
			);
			name = Products;
			sourceTree = "<group>";
		};
		D4364D6220B001C0005090E8 /* ML Master */ = {
			isa = PBXGroup;
			children = (
				D4364D6320B001C0005090E8 /* AppDelegate.swift */,
				D4364D6520B001C0005090E8 /* ViewController.swift */,
				D4364D6720B001C0005090E8 /* Main.storyboard */,
				D4364D7520B001D8005090E8 /* MLHomeViewController.swift */,
				D4364D9820B00C2D005090E8 /* SearchViewController.swift */,
				D4364D6A20B001C0005090E8 /* Assets.xcassets */,
				D4364D9620B002D3005090E8 /* Resnet50.mlmodel */,
				D44DCA8A20B9B09D00D5E458 /* Fonts */,
				D4364D9520B002A9005090E8 /* Assets */,
				D4364D6C20B001C0005090E8 /* LaunchScreen.storyboard */,
				D4364D6F20B001C0005090E8 /* Info.plist */,
				D4364D8A20B0021A005090E8 /* Support Classes */,
				D4364D8120B001F7005090E8 /* Tutorials */,
			);
			path = "ML Master";
			sourceTree = "<group>";
		};
		D4364D8120B001F7005090E8 /* Tutorials */ = {
			isa = PBXGroup;
			children = (
				D4364D7820B001ED005090E8 /* InfoPagesViewController.swift */,
				D4364D7B20B001ED005090E8 /* PageViewController.swift */,
				D4364D7A20B001ED005090E8 /* ViewController1.swift */,
				D4364D7720B001ED005090E8 /* ViewController2.swift */,
				D4364D7920B001ED005090E8 /* ViewController3.swift */,
			);
			path = Tutorials;
			sourceTree = "<group>";
		};
		D4364D8A20B0021A005090E8 /* Support Classes */ = {
			isa = PBXGroup;
			children = (
				D4364D8320B00212005090E8 /* Constants.swift */,
				D4364D8220B00212005090E8 /* PKTheme.swift */,
				D4364D8520B00212005090E8 /* String.swift */,
				D4364D8420B00212005090E8 /* UIColor.swift */,
			);
			path = "Support Classes";
			sourceTree = "<group>";
		};
		D4364D9520B002A9005090E8 /* Assets */ = {
			isa = PBXGroup;
			children = (
				D4364D9A20B010DB005090E8 /* back.png */,
				D4364D9C20B04469005090E8 /* camera_icon.png */,
				D4364D9D20B04469005090E8 /* gallery_icon.png */,
				D4364D9E20B04469005090E8 /* search_icon.png */,
				D4364DA420B04696005090E8 /* video_icon1.png */,
			);
			path = Assets;
			sourceTree = "<group>";
		};
		D44DCA8A20B9B09D00D5E458 /* Fonts */ = {
			isa = PBXGroup;
			children = (
				D44DCA8620B9B07B00D5E458 /* Tahoma-Bold.ttf */,
				D44DCA8820B9B08200D5E458 /* Tahoma-Regular.ttf */,
			);
			path = Fonts;
			sourceTree = "<group>";
		};
/* End PBXGroup section */

/* Begin PBXNativeTarget section */
		D4364D5F20B001C0005090E8 /* ML Master */ = {
			isa = PBXNativeTarget;
			buildConfigurationList = D4364D7220B001C0005090E8 /* Build configuration list for PBXNativeTarget "ML Master" */;
			buildPhases = (
				D4364D5C20B001C0005090E8 /* Sources */,
				D4364D5D20B001C0005090E8 /* Frameworks */,
				D4364D5E20B001C0005090E8 /* Resources */,
			);
			buildRules = (
			);
			dependencies = (
			);
			name = "ML Master";
			productName = "ML Master";
			productReference = D4364D6020B001C0005090E8 /* ML Master.app */;
			productType = "com.apple.product-type.application";
		};
/* End PBXNativeTarget section */

/* Begin PBXProject section */
		D4364D5820B001C0005090E8 /* Project object */ = {
			isa = PBXProject;
			attributes = {
				LastSwiftUpdateCheck = 0920;
				LastUpgradeCheck = 0920;
				ORGANIZATIONNAME = "Prasanna kumar";
				TargetAttributes = {
					D4364D5F20B001C0005090E8 = {
						CreatedOnToolsVersion = 9.2;
						ProvisioningStyle = Automatic;
					};
				};
			};
			buildConfigurationList = D4364D5B20B001C0005090E8 /* Build configuration list for PBXProject "ML Master" */;
			compatibilityVersion = "Xcode 8.0";
			developmentRegion = en;
			hasScannedForEncodings = 0;
			knownRegions = (
				en,
				Base,
			);
			mainGroup = D4364D5720B001C0005090E8;
			productRefGroup = D4364D6120B001C0005090E8 /* Products */;
			projectDirPath = "";
			projectRoot = "";
			targets = (
				D4364D5F20B001C0005090E8 /* ML Master */,
			);
		};
/* End PBXProject section */

/* Begin PBXResourcesBuildPhase section */
		D4364D5E20B001C0005090E8 /* Resources */ = {
			isa = PBXResourcesBuildPhase;
			buildActionMask = 2147483647;
			files = (
				D4364DA220B04469005090E8 /* search_icon.png in Resources */,
				D4364D6E20B001C0005090E8 /* LaunchScreen.storyboard in Resources */,
				D4364DA020B04469005090E8 /* camera_icon.png in Resources */,
				D44DCA8920B9B08E00D5E458 /* Tahoma-Regular.ttf in Resources */,
				D44DCA8720B9B07F00D5E458 /* Tahoma-Bold.ttf in Resources */,
				D4364D9B20B010DB005090E8 /* back.png in Resources */,
				D4364D6B20B001C0005090E8 /* Assets.xcassets in Resources */,
				D4364D6920B001C0005090E8 /* Main.storyboard in Resources */,
				D4364DA520B04696005090E8 /* video_icon1.png in Resources */,
				D4364DA120B04469005090E8 /* gallery_icon.png in Resources */,
			);
			runOnlyForDeploymentPostprocessing = 0;
		};
/* End PBXResourcesBuildPhase section */

/* Begin PBXSourcesBuildPhase section */
		D4364D5C20B001C0005090E8 /* Sources */ = {
			isa = PBXSourcesBuildPhase;
			buildActionMask = 2147483647;
			files = (
				D4364D6620B001C0005090E8 /* ViewController.swift in Sources */,
				D4364D7D20B001ED005090E8 /* InfoPagesViewController.swift in Sources */,
				D4364D7E20B001ED005090E8 /* ViewController3.swift in Sources */,
				D4364D7C20B001ED005090E8 /* ViewController2.swift in Sources */,
				D4364D7F20B001ED005090E8 /* ViewController1.swift in Sources */,
				D4364D8720B00212005090E8 /* Constants.swift in Sources */,
				D4364D8920B00212005090E8 /* String.swift in Sources */,
				D4364D6420B001C0005090E8 /* AppDelegate.swift in Sources */,
				D4364D9920B00C2D005090E8 /* SearchViewController.swift in Sources */,
				D4364D9720B002D3005090E8 /* Resnet50.mlmodel in Sources */,
				D4364D8820B00212005090E8 /* UIColor.swift in Sources */,
				D4364D8620B00212005090E8 /* PKTheme.swift in Sources */,
				D4364D7620B001D8005090E8 /* MLHomeViewController.swift in Sources */,
				D4364D8020B001ED005090E8 /* PageViewController.swift in Sources */,
			);
			runOnlyForDeploymentPostprocessing = 0;
		};
/* End PBXSourcesBuildPhase section */

/* Begin PBXVariantGroup section */
		D4364D6720B001C0005090E8 /* Main.storyboard */ = {
			isa = PBXVariantGroup;
			children = (
				D4364D6820B001C0005090E8 /* Base */,
			);
			name = Main.storyboard;
			sourceTree = "<group>";
		};
		D4364D6C20B001C0005090E8 /* LaunchScreen.storyboard */ = {
			isa = PBXVariantGroup;
			children = (
				D4364D6D20B001C0005090E8 /* Base */,
			);
			name = LaunchScreen.storyboard;
			sourceTree = "<group>";
		};
/* End PBXVariantGroup section */

/* Begin XCBuildConfiguration section */
		D4364D7020B001C0005090E8 /* Debug */ = {
			isa = XCBuildConfiguration;
			buildSettings = {
				ALWAYS_SEARCH_USER_PATHS = NO;
				CLANG_ANALYZER_NONNULL = YES;
				CLANG_ANALYZER_NUMBER_OBJECT_CONVERSION = YES_AGGRESSIVE;
				CLANG_CXX_LANGUAGE_STANDARD = "gnu++14";
				CLANG_CXX_LIBRARY = "libc++";
				CLANG_ENABLE_MODULES = YES;
				CLANG_ENABLE_OBJC_ARC = YES;
				CLANG_WARN_BLOCK_CAPTURE_AUTORELEASING = YES;
				CLANG_WARN_BOOL_CONVERSION = YES;
				CLANG_WARN_COMMA = YES;
				CLANG_WARN_CONSTANT_CONVERSION = YES;
				CLANG_WARN_DIRECT_OBJC_ISA_USAGE = YES_ERROR;
				CLANG_WARN_DOCUMENTATION_COMMENTS = YES;
				CLANG_WARN_EMPTY_BODY = YES;
				CLANG_WARN_ENUM_CONVERSION = YES;
				CLANG_WARN_INFINITE_RECURSION = YES;
				CLANG_WARN_INT_CONVERSION = YES;
				CLANG_WARN_NON_LITERAL_NULL_CONVERSION = YES;
				CLANG_WARN_OBJC_LITERAL_CONVERSION = YES;
				CLANG_WARN_OBJC_ROOT_CLASS = YES_ERROR;
				CLANG_WARN_RANGE_LOOP_ANALYSIS = YES;
				CLANG_WARN_STRICT_PROTOTYPES = YES;
				CLANG_WARN_SUSPICIOUS_MOVE = YES;
				CLANG_WARN_UNGUARDED_AVAILABILITY = YES_AGGRESSIVE;
				CLANG_WARN_UNREACHABLE_CODE = YES;
				CLANG_WARN__DUPLICATE_METHOD_MATCH = YES;
				CODE_SIGN_IDENTITY = "iPhone Developer";
				COPY_PHASE_STRIP = NO;
				DEBUG_INFORMATION_FORMAT = dwarf;
				ENABLE_STRICT_OBJC_MSGSEND = YES;
				ENABLE_TESTABILITY = YES;
				GCC_C_LANGUAGE_STANDARD = gnu11;
				GCC_DYNAMIC_NO_PIC = NO;
				GCC_NO_COMMON_BLOCKS = YES;
				GCC_OPTIMIZATION_LEVEL = 0;
				GCC_PREPROCESSOR_DEFINITIONS = (
					"DEBUG=1",
					"$(inherited)",
				);
				GCC_WARN_64_TO_32_BIT_CONVERSION = YES;
				GCC_WARN_ABOUT_RETURN_TYPE = YES_ERROR;
				GCC_WARN_UNDECLARED_SELECTOR = YES;
				GCC_WARN_UNINITIALIZED_AUTOS = YES_AGGRESSIVE;
				GCC_WARN_UNUSED_FUNCTION = YES;
				GCC_WARN_UNUSED_VARIABLE = YES;
				IPHONEOS_DEPLOYMENT_TARGET = 11.2;
				MTL_ENABLE_DEBUG_INFO = YES;
				ONLY_ACTIVE_ARCH = YES;
				SDKROOT = iphoneos;
				SWIFT_ACTIVE_COMPILATION_CONDITIONS = DEBUG;
				SWIFT_OPTIMIZATION_LEVEL = "-Onone";
			};
			name = Debug;
		};
		D4364D7120B001C0005090E8 /* Release */ = {
			isa = XCBuildConfiguration;
			buildSettings = {
				ALWAYS_SEARCH_USER_PATHS = NO;
				CLANG_ANALYZER_NONNULL = YES;
				CLANG_ANALYZER_NUMBER_OBJECT_CONVERSION = YES_AGGRESSIVE;
				CLANG_CXX_LANGUAGE_STANDARD = "gnu++14";
				CLANG_CXX_LIBRARY = "libc++";
				CLANG_ENABLE_MODULES = YES;
				CLANG_ENABLE_OBJC_ARC = YES;
				CLANG_WARN_BLOCK_CAPTURE_AUTORELEASING = YES;
				CLANG_WARN_BOOL_CONVERSION = YES;
				CLANG_WARN_COMMA = YES;
				CLANG_WARN_CONSTANT_CONVERSION = YES;
				CLANG_WARN_DIRECT_OBJC_ISA_USAGE = YES_ERROR;
				CLANG_WARN_DOCUMENTATION_COMMENTS = YES;
				CLANG_WARN_EMPTY_BODY = YES;
				CLANG_WARN_ENUM_CONVERSION = YES;
				CLANG_WARN_INFINITE_RECURSION = YES;
				CLANG_WARN_INT_CONVERSION = YES;
				CLANG_WARN_NON_LITERAL_NULL_CONVERSION = YES;
				CLANG_WARN_OBJC_LITERAL_CONVERSION = YES;
				CLANG_WARN_OBJC_ROOT_CLASS = YES_ERROR;
				CLANG_WARN_RANGE_LOOP_ANALYSIS = YES;
				CLANG_WARN_STRICT_PROTOTYPES = YES;
				CLANG_WARN_SUSPICIOUS_MOVE = YES;
				CLANG_WARN_UNGUARDED_AVAILABILITY = YES_AGGRESSIVE;
				CLANG_WARN_UNREACHABLE_CODE = YES;
				CLANG_WARN__DUPLICATE_METHOD_MATCH = YES;
				CODE_SIGN_IDENTITY = "iPhone Developer";
				COPY_PHASE_STRIP = NO;
				DEBUG_INFORMATION_FORMAT = "dwarf-with-dsym";
				ENABLE_NS_ASSERTIONS = NO;
				ENABLE_STRICT_OBJC_MSGSEND = YES;
				GCC_C_LANGUAGE_STANDARD = gnu11;
				GCC_NO_COMMON_BLOCKS = YES;
				GCC_WARN_64_TO_32_BIT_CONVERSION = YES;
				GCC_WARN_ABOUT_RETURN_TYPE = YES_ERROR;
				GCC_WARN_UNDECLARED_SELECTOR = YES;
				GCC_WARN_UNINITIALIZED_AUTOS = YES_AGGRESSIVE;
				GCC_WARN_UNUSED_FUNCTION = YES;
				GCC_WARN_UNUSED_VARIABLE = YES;
				IPHONEOS_DEPLOYMENT_TARGET = 11.2;
				MTL_ENABLE_DEBUG_INFO = NO;
				SDKROOT = iphoneos;
				SWIFT_OPTIMIZATION_LEVEL = "-Owholemodule";
				VALIDATE_PRODUCT = YES;
			};
			name = Release;
		};
		D4364D7320B001C0005090E8 /* Debug */ = {
			isa = XCBuildConfiguration;
			buildSettings = {
				ASSETCATALOG_COMPILER_APPICON_NAME = AppIcon;
				CODE_SIGN_STYLE = Automatic;
				DEVELOPMENT_TEAM = 8QG2682J62;
				INFOPLIST_FILE = "ML Master/Info.plist";
				LD_RUNPATH_SEARCH_PATHS = "$(inherited) @executable_path/Frameworks";
				PRODUCT_BUNDLE_IDENTIFIER = "com.ML-Master";
				PRODUCT_NAME = "$(TARGET_NAME)";
				SWIFT_VERSION = 4.0;
				TARGETED_DEVICE_FAMILY = "1,2";
			};
			name = Debug;
		};
		D4364D7420B001C0005090E8 /* Release */ = {
			isa = XCBuildConfiguration;
			buildSettings = {
				ASSETCATALOG_COMPILER_APPICON_NAME = AppIcon;
				CODE_SIGN_STYLE = Automatic;
				DEVELOPMENT_TEAM = 8QG2682J62;
				INFOPLIST_FILE = "ML Master/Info.plist";
				LD_RUNPATH_SEARCH_PATHS = "$(inherited) @executable_path/Frameworks";
				PRODUCT_BUNDLE_IDENTIFIER = "com.ML-Master";
				PRODUCT_NAME = "$(TARGET_NAME)";
				SWIFT_VERSION = 4.0;
				TARGETED_DEVICE_FAMILY = "1,2";
			};
			name = Release;
		};
/* End XCBuildConfiguration section */

/* Begin XCConfigurationList section */
		D4364D5B20B001C0005090E8 /* Build configuration list for PBXProject "ML Master" */ = {
			isa = XCConfigurationList;
			buildConfigurations = (
				D4364D7020B001C0005090E8 /* Debug */,
				D4364D7120B001C0005090E8 /* Release */,
			);
			defaultConfigurationIsVisible = 0;
			defaultConfigurationName = Release;
		};
		D4364D7220B001C0005090E8 /* Build configuration list for PBXNativeTarget "ML Master" */ = {
			isa = XCConfigurationList;
			buildConfigurations = (
				D4364D7320B001C0005090E8 /* Debug */,
				D4364D7420B001C0005090E8 /* Release */,
			);
			defaultConfigurationIsVisible = 0;
			defaultConfigurationName = Release;
		};
/* End XCConfigurationList section */
	};
	rootObject = D4364D5820B001C0005090E8 /* Project object */;
}
